
Microsoft Visual Studio Solution File, Format Version 12.00
# Visual Studio Version 17
VisualStudioVersion = 17.6.33815.320
MinimumVisualStudioVersion = 10.0.40219.1
Project("{9A19103F-16F7-4668-BE54-9A1E7A4F7556}") = "LoginRegister3DLayer", "LoginRegister3DLayer\LoginRegister3DLayer.csproj", "{63C563BC-AEC6-44E1-8576-315505C327F2}"
EndProject
Project("{FAE04EC0-301F-11D3-BF4B-00C04F79EFBC}") = "LoginRegister3DLayer.Core", "LoginRegister3DLayer.Core\LoginRegister3DLayer.Core.csproj", "{20CD4E5E-E53C-4263-A945-FCC7FAC45EF4}"
EndProject
Project("{FAE04EC0-301F-11D3-BF4B-00C04F79EFBC}") = "LoginRegister3DLayer.Database", "LoginRegister3DLayer.Database\LoginRegister3DLayer.Database.csproj", "{22D65BAF-BC00-4950-9900-832A752ED7A4}"
EndProject
Global
	GlobalSection(SolutionConfigurationPlatforms) = preSolution
		Debug|Any CPU = Debug|Any CPU
		Release|Any CPU = Release|Any CPU
	EndGlobalSection
	GlobalSection(ProjectConfigurationPlatforms) = postSolution
		{63C563BC-AEC6-44E1-8576-315505C327F2}.Debug|Any CPU.ActiveCfg = Debug|Any CPU
		{63C563BC-AEC6-44E1-8576-315505C327F2}.Debug|Any CPU.Build.0 = Debug|Any CPU
		{63C563BC-AEC6-44E1-8576-315505C327F2}.Release|Any CPU.ActiveCfg = Release|Any CPU
		{63C563BC-AEC6-44E1-8576-315505C327F2}.Release|Any CPU.Build.0 = Release|Any CPU
		{20CD4E5E-E53C-4263-A945-FCC7FAC45EF4}.Debug|Any CPU.ActiveCfg = Debug|Any CPU
		{20CD4E5E-E53C-4263-A945-FCC7FAC45EF4}.Debug|Any CPU.Build.0 = Debug|Any CPU
		{20CD4E5E-E53C-4263-A945-FCC7FAC45EF4}.Release|Any CPU.ActiveCfg = Release|Any CPU
		{20CD4E5E-E53C-4263-A945-FCC7FAC45EF4}.Release|Any CPU.Build.0 = Release|Any CPU
		{22D65BAF-BC00-4950-9900-832A752ED7A4}.Debug|Any CPU.ActiveCfg = Debug|Any CPU
		{22D65BAF-BC00-4950-9900-832A752ED7A4}.Debug|Any CPU.Build.0 = Debug|Any CPU
		{22D65BAF-BC00-4950-9900-832A752ED7A4}.Release|Any CPU.ActiveCfg = Release|Any CPU
		{22D65BAF-BC00-4950-9900-832A752ED7A4}.Release|Any CPU.Build.0 = Release|Any CPU
	EndGlobalSection
	GlobalSection(SolutionProperties) = preSolution
		HideSolutionNode = FALSE
	EndGlobalSection
	GlobalSection(ExtensibilityGlobals) = postSolution
		SolutionGuid = {FD1D18EE-E54F-4E2F-8A17-4F7188E04CA2}
	EndGlobalSection
EndGlobal
